
Microsoft Visual Studio Solution File, Format Version 12.00
# Visual Studio Version 16
VisualStudioVersion = 16.0.28803.156
MinimumVisualStudioVersion = 10.0.40219.1
Project("{FAE04EC0-301F-11D3-BF4B-00C04F79EFBC}") = "Systree", "Systree\Systree.csproj", "{2E0DFBD6-7003-49CA-BE16-85462F3EB25F}"
EndProject
Global
	GlobalSection(SolutionConfigurationPlatforms) = preSolution
		Debug|Any CPU = Debug|Any CPU
		Release|Any CPU = Release|Any CPU
	EndGlobalSection
	GlobalSection(ProjectConfigurationPlatforms) = postSolution
		{2E0DFBD6-7003-49CA-BE16-85462F3EB25F}.Debug|Any CPU.ActiveCfg = Debug|Any CPU
		{2E0DFBD6-7003-49CA-BE16-85462F3EB25F}.Debug|Any CPU.Build.0 = Debug|Any CPU
		{2E0DFBD6-7003-49CA-BE16-85462F3EB25F}.Release|Any CPU.ActiveCfg = Release|Any CPU
		{2E0DFBD6-7003-49CA-BE16-85462F3EB25F}.Release|Any CPU.Build.0 = Release|Any CPU
	EndGlobalSection
	GlobalSection(SolutionProperties) = preSolution
		HideSolutionNode = FALSE
	EndGlobalSection
	GlobalSection(ExtensibilityGlobals) = postSolution
		SolutionGuid = {E18B3219-8648-481E-932F-2F94A14C4751}
	EndGlobalSection
EndGlobal
